// !$*UTF8*$!
{
	archiveVersion = 1;
	classes = {
	};
	objectVersion = 56;
	objects = {

/* Begin PBXBuildFile section */
		1D8F814229E691E80014BDDC /* FU_QuizApp.swift in Sources */ = {isa = PBXBuildFile; fileRef = 1D8F814129E691E80014BDDC /* FU_QuizApp.swift */; };
		1D8F814429E691E80014BDDC /* ContentView.swift in Sources */ = {isa = PBXBuildFile; fileRef = 1D8F814329E691E80014BDDC /* ContentView.swift */; };
		1D8F814629E691EA0014BDDC /* Assets.xcassets in Resources */ = {isa = PBXBuildFile; fileRef = 1D8F814529E691EA0014BDDC /* Assets.xcassets */; };
		1D8F814929E691EA0014BDDC /* Preview Assets.xcassets in Resources */ = {isa = PBXBuildFile; fileRef = 1D8F814829E691EA0014BDDC /* Preview Assets.xcassets */; };
		1D8F815329E691EA0014BDDC /* FU_QuizTests.swift in Sources */ = {isa = PBXBuildFile; fileRef = 1D8F815229E691EA0014BDDC /* FU_QuizTests.swift */; };
		1D8F815D29E691EA0014BDDC /* FU_QuizUITests.swift in Sources */ = {isa = PBXBuildFile; fileRef = 1D8F815C29E691EA0014BDDC /* FU_QuizUITests.swift */; };
		1D8F815F29E691EA0014BDDC /* FU_QuizUITestsLaunchTests.swift in Sources */ = {isa = PBXBuildFile; fileRef = 1D8F815E29E691EA0014BDDC /* FU_QuizUITestsLaunchTests.swift */; };
		1D8F816C29E692E40014BDDC /* Question.swift in Sources */ = {isa = PBXBuildFile; fileRef = 1D8F816B29E692E40014BDDC /* Question.swift */; };
		1D8F816E29E6A02C0014BDDC /* QuestionsViewModel.swift in Sources */ = {isa = PBXBuildFile; fileRef = 1D8F816D29E6A02C0014BDDC /* QuestionsViewModel.swift */; };
/* End PBXBuildFile section */

/* Begin PBXContainerItemProxy section */
		1D8F814F29E691EA0014BDDC /* PBXContainerItemProxy */ = {
			isa = PBXContainerItemProxy;
			containerPortal = 1D8F813629E691E80014BDDC /* Project object */;
			proxyType = 1;
			remoteGlobalIDString = 1D8F813D29E691E80014BDDC;
			remoteInfo = "FU-Quiz";
		};
		1D8F815929E691EA0014BDDC /* PBXContainerItemProxy */ = {
			isa = PBXContainerItemProxy;
			containerPortal = 1D8F813629E691E80014BDDC /* Project object */;
			proxyType = 1;
			remoteGlobalIDString = 1D8F813D29E691E80014BDDC;
			remoteInfo = "FU-Quiz";
		};
/* End PBXContainerItemProxy section */

/* Begin PBXFileReference section */
		1D8F813E29E691E80014BDDC /* FU-Quiz.app */ = {isa = PBXFileReference; explicitFileType = wrapper.application; includeInIndex = 0; path = "FU-Quiz.app"; sourceTree = BUILT_PRODUCTS_DIR; };
		1D8F814129E691E80014BDDC /* FU_QuizApp.swift */ = {isa = PBXFileReference; lastKnownFileType = sourcecode.swift; path = FU_QuizApp.swift; sourceTree = "<group>"; };
		1D8F814329E691E80014BDDC /* ContentView.swift */ = {isa = PBXFileReference; lastKnownFileType = sourcecode.swift; path = ContentView.swift; sourceTree = "<group>"; };
		1D8F814529E691EA0014BDDC /* Assets.xcassets */ = {isa = PBXFileReference; lastKnownFileType = folder.assetcatalog; path = Assets.xcassets; sourceTree = "<group>"; };
		1D8F814829E691EA0014BDDC /* Preview Assets.xcassets */ = {isa = PBXFileReference; lastKnownFileType = folder.assetcatalog; path = "Preview Assets.xcassets"; sourceTree = "<group>"; };
		1D8F814E29E691EA0014BDDC /* FU-QuizTests.xctest */ = {isa = PBXFileReference; explicitFileType = wrapper.cfbundle; includeInIndex = 0; path = "FU-QuizTests.xctest"; sourceTree = BUILT_PRODUCTS_DIR; };
		1D8F815229E691EA0014BDDC /* FU_QuizTests.swift */ = {isa = PBXFileReference; lastKnownFileType = sourcecode.swift; path = FU_QuizTests.swift; sourceTree = "<group>"; };
		1D8F815829E691EA0014BDDC /* FU-QuizUITests.xctest */ = {isa = PBXFileReference; explicitFileType = wrapper.cfbundle; includeInIndex = 0; path = "FU-QuizUITests.xctest"; sourceTree = BUILT_PRODUCTS_DIR; };
		1D8F815C29E691EA0014BDDC /* FU_QuizUITests.swift */ = {isa = PBXFileReference; lastKnownFileType = sourcecode.swift; path = FU_QuizUITests.swift; sourceTree = "<group>"; };
		1D8F815E29E691EA0014BDDC /* FU_QuizUITestsLaunchTests.swift */ = {isa = PBXFileReference; lastKnownFileType = sourcecode.swift; path = FU_QuizUITestsLaunchTests.swift; sourceTree = "<group>"; };
		1D8F816B29E692E40014BDDC /* Question.swift */ = {isa = PBXFileReference; lastKnownFileType = sourcecode.swift; path = Question.swift; sourceTree = "<group>"; };
		1D8F816D29E6A02C0014BDDC /* QuestionsViewModel.swift */ = {isa = PBXFileReference; lastKnownFileType = sourcecode.swift; path = QuestionsViewModel.swift; sourceTree = "<group>"; };
/* End PBXFileReference section */

/* Begin PBXFrameworksBuildPhase section */
		1D8F813B29E691E80014BDDC /* Frameworks */ = {
			isa = PBXFrameworksBuildPhase;
			buildActionMask = 2147483647;
			files = (
			);
			runOnlyForDeploymentPostprocessing = 0;
		};
		1D8F814B29E691EA0014BDDC /* Frameworks */ = {
			isa = PBXFrameworksBuildPhase;
			buildActionMask = 2147483647;
			files = (
			);
			runOnlyForDeploymentPostprocessing = 0;
		};
		1D8F815529E691EA0014BDDC /* Frameworks */ = {
			isa = PBXFrameworksBuildPhase;
			buildActionMask = 2147483647;
			files = (
			);
			runOnlyForDeploymentPostprocessing = 0;
		};
/* End PBXFrameworksBuildPhase section */

/* Begin PBXGroup section */
		1D8F813529E691E80014BDDC = {
			isa = PBXGroup;
			children = (
				1D8F814029E691E80014BDDC /* FU-Quiz */,
				1D8F815129E691EA0014BDDC /* FU-QuizTests */,
				1D8F815B29E691EA0014BDDC /* FU-QuizUITests */,
				1D8F813F29E691E80014BDDC /* Products */,
			);
			sourceTree = "<group>";
		};
		1D8F813F29E691E80014BDDC /* Products */ = {
			isa = PBXGroup;
			children = (
				1D8F813E29E691E80014BDDC /* FU-Quiz.app */,
				1D8F814E29E691EA0014BDDC /* FU-QuizTests.xctest */,
				1D8F815829E691EA0014BDDC /* FU-QuizUITests.xctest */,
			);
			name = Products;
			sourceTree = "<group>";
		};
		1D8F814029E691E80014BDDC /* FU-Quiz */ = {
			isa = PBXGroup;
			children = (
				1D8F814129E691E80014BDDC /* FU_QuizApp.swift */,
				1D8F814329E691E80014BDDC /* ContentView.swift */,
				1D8F814529E691EA0014BDDC /* Assets.xcassets */,
				1D8F814729E691EA0014BDDC /* Preview Content */,
				1D8F816B29E692E40014BDDC /* Question.swift */,
				1D8F816D29E6A02C0014BDDC /* QuestionsViewModel.swift */,
			);
			path = "FU-Quiz";
			sourceTree = "<group>";
		};
		1D8F814729E691EA0014BDDC /* Preview Content */ = {
			isa = PBXGroup;
			children = (
				1D8F814829E691EA0014BDDC /* Preview Assets.xcassets */,
			);
			path = "Preview Content";
			sourceTree = "<group>";
		};
		1D8F815129E691EA0014BDDC /* FU-QuizTests */ = {
			isa = PBXGroup;
			children = (
				1D8F815229E691EA0014BDDC /* FU_QuizTests.swift */,
			);
			path = "FU-QuizTests";
			sourceTree = "<group>";
		};
		1D8F815B29E691EA0014BDDC /* FU-QuizUITests */ = {
			isa = PBXGroup;
			children = (
				1D8F815C29E691EA0014BDDC /* FU_QuizUITests.swift */,
				1D8F815E29E691EA0014BDDC /* FU_QuizUITestsLaunchTests.swift */,
			);
			path = "FU-QuizUITests";
			sourceTree = "<group>";
		};
/* End PBXGroup section */

/* Begin PBXNativeTarget section */
		1D8F813D29E691E80014BDDC /* FU-Quiz */ = {
			isa = PBXNativeTarget;
			buildConfigurationList = 1D8F816229E691EA0014BDDC /* Build configuration list for PBXNativeTarget "FU-Quiz" */;
			buildPhases = (
				1D8F813A29E691E80014BDDC /* Sources */,
				1D8F813B29E691E80014BDDC /* Frameworks */,
				1D8F813C29E691E80014BDDC /* Resources */,
			);
			buildRules = (
			);
			dependencies = (
			);
			name = "FU-Quiz";
			productName = "FU-Quiz";
			productReference = 1D8F813E29E691E80014BDDC /* FU-Quiz.app */;
			productType = "com.apple.product-type.application";
		};
		1D8F814D29E691EA0014BDDC /* FU-QuizTests */ = {
			isa = PBXNativeTarget;
			buildConfigurationList = 1D8F816529E691EA0014BDDC /* Build configuration list for PBXNativeTarget "FU-QuizTests" */;
			buildPhases = (
				1D8F814A29E691EA0014BDDC /* Sources */,
				1D8F814B29E691EA0014BDDC /* Frameworks */,
				1D8F814C29E691EA0014BDDC /* Resources */,
			);
			buildRules = (
			);
			dependencies = (
				1D8F815029E691EA0014BDDC /* PBXTargetDependency */,
			);
			name = "FU-QuizTests";
			productName = "FU-QuizTests";
			productReference = 1D8F814E29E691EA0014BDDC /* FU-QuizTests.xctest */;
			productType = "com.apple.product-type.bundle.unit-test";
		};
		1D8F815729E691EA0014BDDC /* FU-QuizUITests */ = {
			isa = PBXNativeTarget;
			buildConfigurationList = 1D8F816829E691EA0014BDDC /* Build configuration list for PBXNativeTarget "FU-QuizUITests" */;
			buildPhases = (
				1D8F815429E691EA0014BDDC /* Sources */,
				1D8F815529E691EA0014BDDC /* Frameworks */,
				1D8F815629E691EA0014BDDC /* Resources */,
			);
			buildRules = (
			);
			dependencies = (
				1D8F815A29E691EA0014BDDC /* PBXTargetDependency */,
			);
			name = "FU-QuizUITests";
			productName = "FU-QuizUITests";
			productReference = 1D8F815829E691EA0014BDDC /* FU-QuizUITests.xctest */;
			productType = "com.apple.product-type.bundle.ui-testing";
		};
/* End PBXNativeTarget section */

/* Begin PBXProject section */
		1D8F813629E691E80014BDDC /* Project object */ = {
			isa = PBXProject;
			attributes = {
				BuildIndependentTargetsInParallel = 1;
				LastSwiftUpdateCheck = 1430;
				LastUpgradeCheck = 1430;
				TargetAttributes = {
					1D8F813D29E691E80014BDDC = {
						CreatedOnToolsVersion = 14.3;
					};
					1D8F814D29E691EA0014BDDC = {
						CreatedOnToolsVersion = 14.3;
						TestTargetID = 1D8F813D29E691E80014BDDC;
					};
					1D8F815729E691EA0014BDDC = {
						CreatedOnToolsVersion = 14.3;
						TestTargetID = 1D8F813D29E691E80014BDDC;
					};
				};
			};
			buildConfigurationList = 1D8F813929E691E80014BDDC /* Build configuration list for PBXProject "FU-Quiz" */;
			compatibilityVersion = "Xcode 14.0";
			developmentRegion = en;
			hasScannedForEncodings = 0;
			knownRegions = (
				en,
				Base,
			);
			mainGroup = 1D8F813529E691E80014BDDC;
			productRefGroup = 1D8F813F29E691E80014BDDC /* Products */;
			projectDirPath = "";
			projectRoot = "";
			targets = (
				1D8F813D29E691E80014BDDC /* FU-Quiz */,
				1D8F814D29E691EA0014BDDC /* FU-QuizTests */,
				1D8F815729E691EA0014BDDC /* FU-QuizUITests */,
			);
		};
/* End PBXProject section */

/* Begin PBXResourcesBuildPhase section */
		1D8F813C29E691E80014BDDC /* Resources */ = {
			isa = PBXResourcesBuildPhase;
			buildActionMask = 2147483647;
			files = (
				1D8F814929E691EA0014BDDC /* Preview Assets.xcassets in Resources */,
				1D8F814629E691EA0014BDDC /* Assets.xcassets in Resources */,
			);
			runOnlyForDeploymentPostprocessing = 0;
		};
		1D8F814C29E691EA0014BDDC /* Resources */ = {
			isa = PBXResourcesBuildPhase;
			buildActionMask = 2147483647;
			files = (
			);
			runOnlyForDeploymentPostprocessing = 0;
		};
		1D8F815629E691EA0014BDDC /* Resources */ = {
			isa = PBXResourcesBuildPhase;
			buildActionMask = 2147483647;
			files = (
			);
			runOnlyForDeploymentPostprocessing = 0;
		};
/* End PBXResourcesBuildPhase section */

/* Begin PBXSourcesBuildPhase section */
		1D8F813A29E691E80014BDDC /* Sources */ = {
			isa = PBXSourcesBuildPhase;
			buildActionMask = 2147483647;
			files = (
				1D8F816C29E692E40014BDDC /* Question.swift in Sources */,
				1D8F814429E691E80014BDDC /* ContentView.swift in Sources */,
				1D8F816E29E6A02C0014BDDC /* QuestionsViewModel.swift in Sources */,
				1D8F814229E691E80014BDDC /* FU_QuizApp.swift in Sources */,
			);
			runOnlyForDeploymentPostprocessing = 0;
		};
		1D8F814A29E691EA0014BDDC /* Sources */ = {
			isa = PBXSourcesBuildPhase;
			buildActionMask = 2147483647;
			files = (
				1D8F815329E691EA0014BDDC /* FU_QuizTests.swift in Sources */,
			);
			runOnlyForDeploymentPostprocessing = 0;
		};
		1D8F815429E691EA0014BDDC /* Sources */ = {
			isa = PBXSourcesBuildPhase;
			buildActionMask = 2147483647;
			files = (
				1D8F815F29E691EA0014BDDC /* FU_QuizUITestsLaunchTests.swift in Sources */,
				1D8F815D29E691EA0014BDDC /* FU_QuizUITests.swift in Sources */,
			);
			runOnlyForDeploymentPostprocessing = 0;
		};
/* End PBXSourcesBuildPhase section */

/* Begin PBXTargetDependency section */
		1D8F815029E691EA0014BDDC /* PBXTargetDependency */ = {
			isa = PBXTargetDependency;
			target = 1D8F813D29E691E80014BDDC /* FU-Quiz */;
			targetProxy = 1D8F814F29E691EA0014BDDC /* PBXContainerItemProxy */;
		};
		1D8F815A29E691EA0014BDDC /* PBXTargetDependency */ = {
			isa = PBXTargetDependency;
			target = 1D8F813D29E691E80014BDDC /* FU-Quiz */;
			targetProxy = 1D8F815929E691EA0014BDDC /* PBXContainerItemProxy */;
		};
/* End PBXTargetDependency section */

/* Begin XCBuildConfiguration section */
		1D8F816029E691EA0014BDDC /* Debug */ = {
			isa = XCBuildConfiguration;
			buildSettings = {
				ALWAYS_SEARCH_USER_PATHS = NO;
				CLANG_ANALYZER_NONNULL = YES;
				CLANG_ANALYZER_NUMBER_OBJECT_CONVERSION = YES_AGGRESSIVE;
				CLANG_CXX_LANGUAGE_STANDARD = "gnu++20";
				CLANG_ENABLE_MODULES = YES;
				CLANG_ENABLE_OBJC_ARC = YES;
				CLANG_ENABLE_OBJC_WEAK = YES;
				CLANG_WARN_BLOCK_CAPTURE_AUTORELEASING = YES;
				CLANG_WARN_BOOL_CONVERSION = YES;
				CLANG_WARN_COMMA = YES;
				CLANG_WARN_CONSTANT_CONVERSION = YES;
				CLANG_WARN_DEPRECATED_OBJC_IMPLEMENTATIONS = YES;
				CLANG_WARN_DIRECT_OBJC_ISA_USAGE = YES_ERROR;
				CLANG_WARN_DOCUMENTATION_COMMENTS = YES;
				CLANG_WARN_EMPTY_BODY = YES;
				CLANG_WARN_ENUM_CONVERSION = YES;
				CLANG_WARN_INFINITE_RECURSION = YES;
				CLANG_WARN_INT_CONVERSION = YES;
				CLANG_WARN_NON_LITERAL_NULL_CONVERSION = YES;
				CLANG_WARN_OBJC_IMPLICIT_RETAIN_SELF = YES;
				CLANG_WARN_OBJC_LITERAL_CONVERSION = YES;
				CLANG_WARN_OBJC_ROOT_CLASS = YES_ERROR;
				CLANG_WARN_QUOTED_INCLUDE_IN_FRAMEWORK_HEADER = YES;
				CLANG_WARN_RANGE_LOOP_ANALYSIS = YES;
				CLANG_WARN_STRICT_PROTOTYPES = YES;
				CLANG_WARN_SUSPICIOUS_MOVE = YES;
				CLANG_WARN_UNGUARDED_AVAILABILITY = YES_AGGRESSIVE;
				CLANG_WARN_UNREACHABLE_CODE = YES;
				CLANG_WARN__DUPLICATE_METHOD_MATCH = YES;
				COPY_PHASE_STRIP = NO;
				DEBUG_INFORMATION_FORMAT = dwarf;
				ENABLE_STRICT_OBJC_MSGSEND = YES;
				ENABLE_TESTABILITY = YES;
				GCC_C_LANGUAGE_STANDARD = gnu11;
				GCC_DYNAMIC_NO_PIC = NO;
				GCC_NO_COMMON_BLOCKS = YES;
				GCC_OPTIMIZATION_LEVEL = 0;
				GCC_PREPROCESSOR_DEFINITIONS = (
					"DEBUG=1",
					"$(inherited)",
				);
				GCC_WARN_64_TO_32_BIT_CONVERSION = YES;
				GCC_WARN_ABOUT_RETURN_TYPE = YES_ERROR;
				GCC_WARN_UNDECLARED_SELECTOR = YES;
				GCC_WARN_UNINITIALIZED_AUTOS = YES_AGGRESSIVE;
				GCC_WARN_UNUSED_FUNCTION = YES;
				GCC_WARN_UNUSED_VARIABLE = YES;
				IPHONEOS_DEPLOYMENT_TARGET = 16.4;
				MTL_ENABLE_DEBUG_INFO = INCLUDE_SOURCE;
				MTL_FAST_MATH = YES;
				ONLY_ACTIVE_ARCH = YES;
				SDKROOT = iphoneos;
				SWIFT_ACTIVE_COMPILATION_CONDITIONS = DEBUG;
				SWIFT_OPTIMIZATION_LEVEL = "-Onone";
			};
			name = Debug;
		};
		1D8F816129E691EA0014BDDC /* Release */ = {
			isa = XCBuildConfiguration;
			buildSettings = {
				ALWAYS_SEARCH_USER_PATHS = NO;
				CLANG_ANALYZER_NONNULL = YES;
				CLANG_ANALYZER_NUMBER_OBJECT_CONVERSION = YES_AGGRESSIVE;
				CLANG_CXX_LANGUAGE_STANDARD = "gnu++20";
				CLANG_ENABLE_MODULES = YES;
				CLANG_ENABLE_OBJC_ARC = YES;
				CLANG_ENABLE_OBJC_WEAK = YES;
				CLANG_WARN_BLOCK_CAPTURE_AUTORELEASING = YES;
				CLANG_WARN_BOOL_CONVERSION = YES;
				CLANG_WARN_COMMA = YES;
				CLANG_WARN_CONSTANT_CONVERSION = YES;
				CLANG_WARN_DEPRECATED_OBJC_IMPLEMENTATIONS = YES;
				CLANG_WARN_DIRECT_OBJC_ISA_USAGE = YES_ERROR;
				CLANG_WARN_DOCUMENTATION_COMMENTS = YES;
				CLANG_WARN_EMPTY_BODY = YES;
				CLANG_WARN_ENUM_CONVERSION = YES;
				CLANG_WARN_INFINITE_RECURSION = YES;
				CLANG_WARN_INT_CONVERSION = YES;
				CLANG_WARN_NON_LITERAL_NULL_CONVERSION = YES;
				CLANG_WARN_OBJC_IMPLICIT_RETAIN_SELF = YES;
				CLANG_WARN_OBJC_LITERAL_CONVERSION = YES;
				CLANG_WARN_OBJC_ROOT_CLASS = YES_ERROR;
				CLANG_WARN_QUOTED_INCLUDE_IN_FRAMEWORK_HEADER = YES;
				CLANG_WARN_RANGE_LOOP_ANALYSIS = YES;
				CLANG_WARN_STRICT_PROTOTYPES = YES;
				CLANG_WARN_SUSPICIOUS_MOVE = YES;
				CLANG_WARN_UNGUARDED_AVAILABILITY = YES_AGGRESSIVE;
				CLANG_WARN_UNREACHABLE_CODE = YES;
				CLANG_WARN__DUPLICATE_METHOD_MATCH = YES;
				COPY_PHASE_STRIP = NO;
				DEBUG_INFORMATION_FORMAT = "dwarf-with-dsym";
				ENABLE_NS_ASSERTIONS = NO;
				ENABLE_STRICT_OBJC_MSGSEND = YES;
				GCC_C_LANGUAGE_STANDARD = gnu11;
				GCC_NO_COMMON_BLOCKS = YES;
				GCC_WARN_64_TO_32_BIT_CONVERSION = YES;
				GCC_WARN_ABOUT_RETURN_TYPE = YES_ERROR;
				GCC_WARN_UNDECLARED_SELECTOR = YES;
				GCC_WARN_UNINITIALIZED_AUTOS = YES_AGGRESSIVE;
				GCC_WARN_UNUSED_FUNCTION = YES;
				GCC_WARN_UNUSED_VARIABLE = YES;
				IPHONEOS_DEPLOYMENT_TARGET = 16.4;
				MTL_ENABLE_DEBUG_INFO = NO;
				MTL_FAST_MATH = YES;
				SDKROOT = iphoneos;
				SWIFT_COMPILATION_MODE = wholemodule;
				SWIFT_OPTIMIZATION_LEVEL = "-O";
				VALIDATE_PRODUCT = YES;
			};
			name = Release;
		};
		1D8F816329E691EA0014BDDC /* Debug */ = {
			isa = XCBuildConfiguration;
			buildSettings = {
				ASSETCATALOG_COMPILER_APPICON_NAME = AppIcon;
				ASSETCATALOG_COMPILER_GLOBAL_ACCENT_COLOR_NAME = AccentColor;
				CODE_SIGN_STYLE = Automatic;
				CURRENT_PROJECT_VERSION = 1;
				DEVELOPMENT_ASSET_PATHS = "\"FU-Quiz/Preview Content\"";
				ENABLE_PREVIEWS = YES;
				GENERATE_INFOPLIST_FILE = YES;
				INFOPLIST_KEY_UIApplicationSceneManifest_Generation = YES;
				INFOPLIST_KEY_UIApplicationSupportsIndirectInputEvents = YES;
				INFOPLIST_KEY_UILaunchScreen_Generation = YES;
				INFOPLIST_KEY_UISupportedInterfaceOrientations_iPad = "UIInterfaceOrientationPortrait UIInterfaceOrientationPortraitUpsideDown UIInterfaceOrientationLandscapeLeft UIInterfaceOrientationLandscapeRight";
				INFOPLIST_KEY_UISupportedInterfaceOrientations_iPhone = "UIInterfaceOrientationPortrait UIInterfaceOrientationLandscapeLeft UIInterfaceOrientationLandscapeRight";
				LD_RUNPATH_SEARCH_PATHS = (
					"$(inherited)",
					"@executable_path/Frameworks",
				);
				MARKETING_VERSION = 1.0;
				PRODUCT_BUNDLE_IDENTIFIER = "com.example.FU-Quiz";
				PRODUCT_NAME = "$(TARGET_NAME)";
				SWIFT_EMIT_LOC_STRINGS = YES;
				SWIFT_VERSION = 5.0;
				TARGETED_DEVICE_FAMILY = "1,2";
			};
			name = Debug;
		};
		1D8F816429E691EA0014BDDC /* Release */ = {
			isa = XCBuildConfiguration;
			buildSettings = {
				ASSETCATALOG_COMPILER_APPICON_NAME = AppIcon;
				ASSETCATALOG_COMPILER_GLOBAL_ACCENT_COLOR_NAME = AccentColor;
				CODE_SIGN_STYLE = Automatic;
				CURRENT_PROJECT_VERSION = 1;
				DEVELOPMENT_ASSET_PATHS = "\"FU-Quiz/Preview Content\"";
				ENABLE_PREVIEWS = YES;
				GENERATE_INFOPLIST_FILE = YES;
				INFOPLIST_KEY_UIApplicationSceneManifest_Generation = YES;
				INFOPLIST_KEY_UIApplicationSupportsIndirectInputEvents = YES;
				INFOPLIST_KEY_UILaunchScreen_Generation = YES;
				INFOPLIST_KEY_UISupportedInterfaceOrientations_iPad = "UIInterfaceOrientationPortrait UIInterfaceOrientationPortraitUpsideDown UIInterfaceOrientationLandscapeLeft UIInterfaceOrientationLandscapeRight";
				INFOPLIST_KEY_UISupportedInterfaceOrientations_iPhone = "UIInterfaceOrientationPortrait UIInterfaceOrientationLandscapeLeft UIInterfaceOrientationLandscapeRight";
				LD_RUNPATH_SEARCH_PATHS = (
					"$(inherited)",
					"@executable_path/Frameworks",
				);
				MARKETING_VERSION = 1.0;
				PRODUCT_BUNDLE_IDENTIFIER = "com.example.FU-Quiz";
				PRODUCT_NAME = "$(TARGET_NAME)";
				SWIFT_EMIT_LOC_STRINGS = YES;
				SWIFT_VERSION = 5.0;
				TARGETED_DEVICE_FAMILY = "1,2";
			};
			name = Release;
		};
		1D8F816629E691EA0014BDDC /* Debug */ = {
			isa = XCBuildConfiguration;
			buildSettings = {
				ALWAYS_EMBED_SWIFT_STANDARD_LIBRARIES = YES;
				BUNDLE_LOADER = "$(TEST_HOST)";
				CODE_SIGN_STYLE = Automatic;
				CURRENT_PROJECT_VERSION = 1;
				GENERATE_INFOPLIST_FILE = YES;
				IPHONEOS_DEPLOYMENT_TARGET = 16.4;
				MARKETING_VERSION = 1.0;
				PRODUCT_BUNDLE_IDENTIFIER = "com.example.FU-QuizTests";
				PRODUCT_NAME = "$(TARGET_NAME)";
				SWIFT_EMIT_LOC_STRINGS = NO;
				SWIFT_VERSION = 5.0;
				TARGETED_DEVICE_FAMILY = "1,2";
				TEST_HOST = "$(BUILT_PRODUCTS_DIR)/FU-Quiz.app/$(BUNDLE_EXECUTABLE_FOLDER_PATH)/FU-Quiz";
			};
			name = Debug;
		};
		1D8F816729E691EA0014BDDC /* Release */ = {
			isa = XCBuildConfiguration;
			buildSettings = {
				ALWAYS_EMBED_SWIFT_STANDARD_LIBRARIES = YES;
				BUNDLE_LOADER = "$(TEST_HOST)";
				CODE_SIGN_STYLE = Automatic;
				CURRENT_PROJECT_VERSION = 1;
				GENERATE_INFOPLIST_FILE = YES;
				IPHONEOS_DEPLOYMENT_TARGET = 16.4;
				MARKETING_VERSION = 1.0;
				PRODUCT_BUNDLE_IDENTIFIER = "com.example.FU-QuizTests";
				PRODUCT_NAME = "$(TARGET_NAME)";
				SWIFT_EMIT_LOC_STRINGS = NO;
				SWIFT_VERSION = 5.0;
				TARGETED_DEVICE_FAMILY = "1,2";
				TEST_HOST = "$(BUILT_PRODUCTS_DIR)/FU-Quiz.app/$(BUNDLE_EXECUTABLE_FOLDER_PATH)/FU-Quiz";
			};
			name = Release;
		};
		1D8F816929E691EA0014BDDC /* Debug */ = {
			isa = XCBuildConfiguration;
			buildSettings = {
				ALWAYS_EMBED_SWIFT_STANDARD_LIBRARIES = YES;
				CODE_SIGN_STYLE = Automatic;
				CURRENT_PROJECT_VERSION = 1;
				GENERATE_INFOPLIST_FILE = YES;
				MARKETING_VERSION = 1.0;
				PRODUCT_BUNDLE_IDENTIFIER = "com.example.FU-QuizUITests";
				PRODUCT_NAME = "$(TARGET_NAME)";
				SWIFT_EMIT_LOC_STRINGS = NO;
				SWIFT_VERSION = 5.0;
				TARGETED_DEVICE_FAMILY = "1,2";
				TEST_TARGET_NAME = "FU-Quiz";
			};
			name = Debug;
		};
		1D8F816A29E691EA0014BDDC /* Release */ = {
			isa = XCBuildConfiguration;
			buildSettings = {
				ALWAYS_EMBED_SWIFT_STANDARD_LIBRARIES = YES;
				CODE_SIGN_STYLE = Automatic;
				CURRENT_PROJECT_VERSION = 1;
				GENERATE_INFOPLIST_FILE = YES;
				MARKETING_VERSION = 1.0;
				PRODUCT_BUNDLE_IDENTIFIER = "com.example.FU-QuizUITests";
				PRODUCT_NAME = "$(TARGET_NAME)";
				SWIFT_EMIT_LOC_STRINGS = NO;
				SWIFT_VERSION = 5.0;
				TARGETED_DEVICE_FAMILY = "1,2";
				TEST_TARGET_NAME = "FU-Quiz";
			};
			name = Release;
		};
/* End XCBuildConfiguration section */

/* Begin XCConfigurationList section */
		1D8F813929E691E80014BDDC /* Build configuration list for PBXProject "FU-Quiz" */ = {
			isa = XCConfigurationList;
			buildConfigurations = (
				1D8F816029E691EA0014BDDC /* Debug */,
				1D8F816129E691EA0014BDDC /* Release */,
			);
			defaultConfigurationIsVisible = 0;
			defaultConfigurationName = Release;
		};
		1D8F816229E691EA0014BDDC /* Build configuration list for PBXNativeTarget "FU-Quiz" */ = {
			isa = XCConfigurationList;
			buildConfigurations = (
				1D8F816329E691EA0014BDDC /* Debug */,
				1D8F816429E691EA0014BDDC /* Release */,
			);
			defaultConfigurationIsVisible = 0;
			defaultConfigurationName = Release;
		};
		1D8F816529E691EA0014BDDC /* Build configuration list for PBXNativeTarget "FU-QuizTests" */ = {
			isa = XCConfigurationList;
			buildConfigurations = (
				1D8F816629E691EA0014BDDC /* Debug */,
				1D8F816729E691EA0014BDDC /* Release */,
			);
			defaultConfigurationIsVisible = 0;
			defaultConfigurationName = Release;
		};
		1D8F816829E691EA0014BDDC /* Build configuration list for PBXNativeTarget "FU-QuizUITests" */ = {
			isa = XCConfigurationList;
			buildConfigurations = (
				1D8F816929E691EA0014BDDC /* Debug */,
				1D8F816A29E691EA0014BDDC /* Release */,
			);
			defaultConfigurationIsVisible = 0;
			defaultConfigurationName = Release;
		};
/* End XCConfigurationList section */
	};
	rootObject = 1D8F813629E691E80014BDDC /* Project object */;
}
